
Microsoft Visual Studio Solution File, Format Version 12.00
# Visual Studio Version 17
VisualStudioVersion = 17.9.34728.123
MinimumVisualStudioVersion = 10.0.40219.1
Project("{FAE04EC0-301F-11D3-BF4B-00C04F79EFBC}") = "OgrenciOrtalamasi", "OgrenciOrtalamasi\OgrenciOrtalamasi.csproj", "{201229E0-3A34-446E-A76F-C151D7E7108D}"
EndProject
Global
	GlobalSection(SolutionConfigurationPlatforms) = preSolution
		Debug|Any CPU = Debug|Any CPU
		Release|Any CPU = Release|Any CPU
	EndGlobalSection
	GlobalSection(ProjectConfigurationPlatforms) = postSolution
		{201229E0-3A34-446E-A76F-C151D7E7108D}.Debug|Any CPU.ActiveCfg = Debug|Any CPU
		{201229E0-3A34-446E-A76F-C151D7E7108D}.Debug|Any CPU.Build.0 = Debug|Any CPU
		{201229E0-3A34-446E-A76F-C151D7E7108D}.Release|Any CPU.ActiveCfg = Release|Any CPU
		{201229E0-3A34-446E-A76F-C151D7E7108D}.Release|Any CPU.Build.0 = Release|Any CPU
	EndGlobalSection
	GlobalSection(SolutionProperties) = preSolution
		HideSolutionNode = FALSE
	EndGlobalSection
	GlobalSection(ExtensibilityGlobals) = postSolution
		SolutionGuid = {3D604BB4-7364-4D63-A7B4-A49208F0646A}
	EndGlobalSection
EndGlobal
